// !$*UTF8*$!
{
	archiveVersion = 1;
	classes = {
	};
	objectVersion = 50;
	objects = {

/* Begin PBXBuildFile section */
		82619C7D257BD020002DAF2A /* ElygraApp.swift in Sources */ = {isa = PBXBuildFile; fileRef = 82619C7C257BD020002DAF2A /* ElygraApp.swift */; };
		82619C7F257BD020002DAF2A /* LinkItemsList.swift in Sources */ = {isa = PBXBuildFile; fileRef = 82619C7E257BD020002DAF2A /* LinkItemsList.swift */; };
		82619C81257BD029002DAF2A /* Assets.xcassets in Resources */ = {isa = PBXBuildFile; fileRef = 82619C80257BD029002DAF2A /* Assets.xcassets */; };
		82619C84257BD029002DAF2A /* Preview Assets.xcassets in Resources */ = {isa = PBXBuildFile; fileRef = 82619C83257BD029002DAF2A /* Preview Assets.xcassets */; };
		82619C8F257BD02A002DAF2A /* ModelTests.swift in Sources */ = {isa = PBXBuildFile; fileRef = 82619C8E257BD02A002DAF2A /* ModelTests.swift */; };
		82619C9A257BD02A002DAF2A /* ElygraUITests.swift in Sources */ = {isa = PBXBuildFile; fileRef = 82619C99257BD02A002DAF2A /* ElygraUITests.swift */; };
		82619CAC257BD19B002DAF2A /* LinkItem.swift in Sources */ = {isa = PBXBuildFile; fileRef = 82619CAB257BD19B002DAF2A /* LinkItem.swift */; };
		82619CB1257BD2CD002DAF2A /* LinkItemsResponse.swift in Sources */ = {isa = PBXBuildFile; fileRef = 82619CB0257BD2CD002DAF2A /* LinkItemsResponse.swift */; };
		82619CB2257BD2CD002DAF2A /* LinkItemsResponse.swift in Sources */ = {isa = PBXBuildFile; fileRef = 82619CB0257BD2CD002DAF2A /* LinkItemsResponse.swift */; };
		82619CB6257BD2D2002DAF2A /* LinkItem.swift in Sources */ = {isa = PBXBuildFile; fileRef = 82619CAB257BD19B002DAF2A /* LinkItem.swift */; };
		82619CBC257BD36C002DAF2A /* LinkItem.json in Resources */ = {isa = PBXBuildFile; fileRef = 82619CBB257BD36C002DAF2A /* LinkItem.json */; };
		82619CBD257BD36C002DAF2A /* LinkItem.json in Resources */ = {isa = PBXBuildFile; fileRef = 82619CBB257BD36C002DAF2A /* LinkItem.json */; };
		82619CC5257BD37A002DAF2A /* LinkItemsResponse.json in Resources */ = {isa = PBXBuildFile; fileRef = 82619CC4257BD37A002DAF2A /* LinkItemsResponse.json */; };
		82619CC6257BD37A002DAF2A /* LinkItemsResponse.json in Resources */ = {isa = PBXBuildFile; fileRef = 82619CC4257BD37A002DAF2A /* LinkItemsResponse.json */; };
		82619CD8257BDB2C002DAF2A /* Network.swift in Sources */ = {isa = PBXBuildFile; fileRef = 82619CD7257BDB2C002DAF2A /* Network.swift */; };
		82619CD9257BDB2C002DAF2A /* Network.swift in Sources */ = {isa = PBXBuildFile; fileRef = 82619CD7257BDB2C002DAF2A /* Network.swift */; };
		82619CDE257C04BE002DAF2A /* Resources.swift in Sources */ = {isa = PBXBuildFile; fileRef = 82619CDD257C04BE002DAF2A /* Resources.swift */; };
		82619CDF257C04BE002DAF2A /* Resources.swift in Sources */ = {isa = PBXBuildFile; fileRef = 82619CDD257C04BE002DAF2A /* Resources.swift */; };
		82619CF5257C0974002DAF2A /* LinkItemsListVM.swift in Sources */ = {isa = PBXBuildFile; fileRef = 82619CF4257C0974002DAF2A /* LinkItemsListVM.swift */; };
		82619CF6257C0974002DAF2A /* LinkItemsListVM.swift in Sources */ = {isa = PBXBuildFile; fileRef = 82619CF4257C0974002DAF2A /* LinkItemsListVM.swift */; };
		82619D9A257E9DD2002DAF2A /* LinkItemsListVMTests.swift in Sources */ = {isa = PBXBuildFile; fileRef = 82619D99257E9DD2002DAF2A /* LinkItemsListVMTests.swift */; };
		82619DA0257F9C4C002DAF2A /* TestHelpers.swift in Sources */ = {isa = PBXBuildFile; fileRef = 82619D9F257F9C4C002DAF2A /* TestHelpers.swift */; };
		8261FC4B2580014A007099BB /* WebViewWrapper.swift in Sources */ = {isa = PBXBuildFile; fileRef = 8261FC4A2580014A007099BB /* WebViewWrapper.swift */; };
		8261FC5125800D3F007099BB /* SearchBar.swift in Sources */ = {isa = PBXBuildFile; fileRef = 8261FC5025800D3F007099BB /* SearchBar.swift */; };
/* End PBXBuildFile section */

/* Begin PBXContainerItemProxy section */
		82619C8B257BD02A002DAF2A /* PBXContainerItemProxy */ = {
			isa = PBXContainerItemProxy;
			containerPortal = 82619C71257BD020002DAF2A /* Project object */;
			proxyType = 1;
			remoteGlobalIDString = 82619C78257BD020002DAF2A;
			remoteInfo = Elygra;
		};
		82619C96257BD02A002DAF2A /* PBXContainerItemProxy */ = {
			isa = PBXContainerItemProxy;
			containerPortal = 82619C71257BD020002DAF2A /* Project object */;
			proxyType = 1;
			remoteGlobalIDString = 82619C78257BD020002DAF2A;
			remoteInfo = Elygra;
		};
/* End PBXContainerItemProxy section */

/* Begin PBXFileReference section */
		82619C79257BD020002DAF2A /* Elygra.app */ = {isa = PBXFileReference; explicitFileType = wrapper.application; includeInIndex = 0; path = Elygra.app; sourceTree = BUILT_PRODUCTS_DIR; };
		82619C7C257BD020002DAF2A /* ElygraApp.swift */ = {isa = PBXFileReference; lastKnownFileType = sourcecode.swift; path = ElygraApp.swift; sourceTree = "<group>"; };
		82619C7E257BD020002DAF2A /* LinkItemsList.swift */ = {isa = PBXFileReference; lastKnownFileType = sourcecode.swift; path = LinkItemsList.swift; sourceTree = "<group>"; };
		82619C80257BD029002DAF2A /* Assets.xcassets */ = {isa = PBXFileReference; lastKnownFileType = folder.assetcatalog; path = Assets.xcassets; sourceTree = "<group>"; };
		82619C83257BD029002DAF2A /* Preview Assets.xcassets */ = {isa = PBXFileReference; lastKnownFileType = folder.assetcatalog; path = "Preview Assets.xcassets"; sourceTree = "<group>"; };
		82619C85257BD029002DAF2A /* Info.plist */ = {isa = PBXFileReference; lastKnownFileType = text.plist.xml; path = Info.plist; sourceTree = "<group>"; };
		82619C8A257BD02A002DAF2A /* ElygraTests.xctest */ = {isa = PBXFileReference; explicitFileType = wrapper.cfbundle; includeInIndex = 0; path = ElygraTests.xctest; sourceTree = BUILT_PRODUCTS_DIR; };
		82619C8E257BD02A002DAF2A /* ModelTests.swift */ = {isa = PBXFileReference; lastKnownFileType = sourcecode.swift; path = ModelTests.swift; sourceTree = "<group>"; };
		82619C90257BD02A002DAF2A /* Info.plist */ = {isa = PBXFileReference; lastKnownFileType = text.plist.xml; path = Info.plist; sourceTree = "<group>"; };
		82619C95257BD02A002DAF2A /* ElygraUITests.xctest */ = {isa = PBXFileReference; explicitFileType = wrapper.cfbundle; includeInIndex = 0; path = ElygraUITests.xctest; sourceTree = BUILT_PRODUCTS_DIR; };
		82619C99257BD02A002DAF2A /* ElygraUITests.swift */ = {isa = PBXFileReference; lastKnownFileType = sourcecode.swift; path = ElygraUITests.swift; sourceTree = "<group>"; };
		82619C9B257BD02A002DAF2A /* Info.plist */ = {isa = PBXFileReference; lastKnownFileType = text.plist.xml; path = Info.plist; sourceTree = "<group>"; };
		82619CAB257BD19B002DAF2A /* LinkItem.swift */ = {isa = PBXFileReference; lastKnownFileType = sourcecode.swift; path = LinkItem.swift; sourceTree = "<group>"; };
		82619CB0257BD2CD002DAF2A /* LinkItemsResponse.swift */ = {isa = PBXFileReference; lastKnownFileType = sourcecode.swift; path = LinkItemsResponse.swift; sourceTree = "<group>"; };
		82619CBB257BD36C002DAF2A /* LinkItem.json */ = {isa = PBXFileReference; lastKnownFileType = text.json; path = LinkItem.json; sourceTree = "<group>"; };
		82619CC4257BD37A002DAF2A /* LinkItemsResponse.json */ = {isa = PBXFileReference; lastKnownFileType = text.json; path = LinkItemsResponse.json; sourceTree = "<group>"; };
		82619CD7257BDB2C002DAF2A /* Network.swift */ = {isa = PBXFileReference; lastKnownFileType = sourcecode.swift; path = Network.swift; sourceTree = "<group>"; };
		82619CDD257C04BE002DAF2A /* Resources.swift */ = {isa = PBXFileReference; lastKnownFileType = sourcecode.swift; path = Resources.swift; sourceTree = "<group>"; };
		82619CF4257C0974002DAF2A /* LinkItemsListVM.swift */ = {isa = PBXFileReference; lastKnownFileType = sourcecode.swift; path = LinkItemsListVM.swift; sourceTree = "<group>"; };
		82619D99257E9DD2002DAF2A /* LinkItemsListVMTests.swift */ = {isa = PBXFileReference; lastKnownFileType = sourcecode.swift; path = LinkItemsListVMTests.swift; sourceTree = "<group>"; };
		82619D9F257F9C4C002DAF2A /* TestHelpers.swift */ = {isa = PBXFileReference; lastKnownFileType = sourcecode.swift; path = TestHelpers.swift; sourceTree = "<group>"; };
		8261FC4A2580014A007099BB /* WebViewWrapper.swift */ = {isa = PBXFileReference; lastKnownFileType = sourcecode.swift; path = WebViewWrapper.swift; sourceTree = "<group>"; };
		8261FC5025800D3F007099BB /* SearchBar.swift */ = {isa = PBXFileReference; lastKnownFileType = sourcecode.swift; path = SearchBar.swift; sourceTree = "<group>"; };
/* End PBXFileReference section */

/* Begin PBXFrameworksBuildPhase section */
		82619C76257BD020002DAF2A /* Frameworks */ = {
			isa = PBXFrameworksBuildPhase;
			buildActionMask = 2147483647;
			files = (
			);
			runOnlyForDeploymentPostprocessing = 0;
		};
		82619C87257BD02A002DAF2A /* Frameworks */ = {
			isa = PBXFrameworksBuildPhase;
			buildActionMask = 2147483647;
			files = (
			);
			runOnlyForDeploymentPostprocessing = 0;
		};
		82619C92257BD02A002DAF2A /* Frameworks */ = {
			isa = PBXFrameworksBuildPhase;
			buildActionMask = 2147483647;
			files = (
			);
			runOnlyForDeploymentPostprocessing = 0;
		};
/* End PBXFrameworksBuildPhase section */

/* Begin PBXGroup section */
		82619C70257BD020002DAF2A = {
			isa = PBXGroup;
			children = (
				82619C7B257BD020002DAF2A /* Elygra */,
				82619C8D257BD02A002DAF2A /* ElygraTests */,
				82619C98257BD02A002DAF2A /* ElygraUITests */,
				82619C7A257BD020002DAF2A /* Products */,
			);
			sourceTree = "<group>";
		};
		82619C7A257BD020002DAF2A /* Products */ = {
			isa = PBXGroup;
			children = (
				82619C79257BD020002DAF2A /* Elygra.app */,
				82619C8A257BD02A002DAF2A /* ElygraTests.xctest */,
				82619C95257BD02A002DAF2A /* ElygraUITests.xctest */,
			);
			name = Products;
			sourceTree = "<group>";
		};
		82619C7B257BD020002DAF2A /* Elygra */ = {
			isa = PBXGroup;
			children = (
				82619CCD257BD97D002DAF2A /* Network */,
				8261FC4F25800D19007099BB /* Views */,
				82619CAA257BD188002DAF2A /* Model */,
				82619C7C257BD020002DAF2A /* ElygraApp.swift */,
				82619C80257BD029002DAF2A /* Assets.xcassets */,
				82619C85257BD029002DAF2A /* Info.plist */,
				82619CBA257BD347002DAF2A /* Mocks */,
				82619C82257BD029002DAF2A /* Preview Content */,
				82619CF4257C0974002DAF2A /* LinkItemsListVM.swift */,
				8261FC4A2580014A007099BB /* WebViewWrapper.swift */,
			);
			path = Elygra;
			sourceTree = "<group>";
		};
		82619C82257BD029002DAF2A /* Preview Content */ = {
			isa = PBXGroup;
			children = (
				82619C83257BD029002DAF2A /* Preview Assets.xcassets */,
			);
			path = "Preview Content";
			sourceTree = "<group>";
		};
		82619C8D257BD02A002DAF2A /* ElygraTests */ = {
			isa = PBXGroup;
			children = (
				82619C8E257BD02A002DAF2A /* ModelTests.swift */,
				82619C90257BD02A002DAF2A /* Info.plist */,
				82619D99257E9DD2002DAF2A /* LinkItemsListVMTests.swift */,
				82619D9F257F9C4C002DAF2A /* TestHelpers.swift */,
			);
			path = ElygraTests;
			sourceTree = "<group>";
		};
		82619C98257BD02A002DAF2A /* ElygraUITests */ = {
			isa = PBXGroup;
			children = (
				82619C99257BD02A002DAF2A /* ElygraUITests.swift */,
				82619C9B257BD02A002DAF2A /* Info.plist */,
			);
			path = ElygraUITests;
			sourceTree = "<group>";
		};
		82619CAA257BD188002DAF2A /* Model */ = {
			isa = PBXGroup;
			children = (
				82619CAB257BD19B002DAF2A /* LinkItem.swift */,
				82619CB0257BD2CD002DAF2A /* LinkItemsResponse.swift */,
			);
			path = Model;
			sourceTree = "<group>";
		};
		82619CBA257BD347002DAF2A /* Mocks */ = {
			isa = PBXGroup;
			children = (
				82619CBB257BD36C002DAF2A /* LinkItem.json */,
				82619CC4257BD37A002DAF2A /* LinkItemsResponse.json */,
			);
			path = Mocks;
			sourceTree = "<group>";
		};
		82619CCD257BD97D002DAF2A /* Network */ = {
			isa = PBXGroup;
			children = (
				82619CD7257BDB2C002DAF2A /* Network.swift */,
				82619CDD257C04BE002DAF2A /* Resources.swift */,
			);
			path = Network;
			sourceTree = "<group>";
		};
		8261FC4F25800D19007099BB /* Views */ = {
			isa = PBXGroup;
			children = (
				82619C7E257BD020002DAF2A /* LinkItemsList.swift */,
				8261FC5025800D3F007099BB /* SearchBar.swift */,
			);
			path = Views;
			sourceTree = "<group>";
		};
/* End PBXGroup section */

/* Begin PBXNativeTarget section */
		82619C78257BD020002DAF2A /* Elygra */ = {
			isa = PBXNativeTarget;
			buildConfigurationList = 82619C9E257BD02A002DAF2A /* Build configuration list for PBXNativeTarget "Elygra" */;
			buildPhases = (
				82619C75257BD020002DAF2A /* Sources */,
				82619C76257BD020002DAF2A /* Frameworks */,
				82619C77257BD020002DAF2A /* Resources */,
			);
			buildRules = (
			);
			dependencies = (
			);
			name = Elygra;
			productName = Elygra;
			productReference = 82619C79257BD020002DAF2A /* Elygra.app */;
			productType = "com.apple.product-type.application";
		};
		82619C89257BD02A002DAF2A /* ElygraTests */ = {
			isa = PBXNativeTarget;
			buildConfigurationList = 82619CA1257BD02A002DAF2A /* Build configuration list for PBXNativeTarget "ElygraTests" */;
			buildPhases = (
				82619C86257BD02A002DAF2A /* Sources */,
				82619C87257BD02A002DAF2A /* Frameworks */,
				82619C88257BD02A002DAF2A /* Resources */,
			);
			buildRules = (
			);
			dependencies = (
				82619C8C257BD02A002DAF2A /* PBXTargetDependency */,
			);
			name = ElygraTests;
			productName = ElygraTests;
			productReference = 82619C8A257BD02A002DAF2A /* ElygraTests.xctest */;
			productType = "com.apple.product-type.bundle.unit-test";
		};
		82619C94257BD02A002DAF2A /* ElygraUITests */ = {
			isa = PBXNativeTarget;
			buildConfigurationList = 82619CA4257BD02A002DAF2A /* Build configuration list for PBXNativeTarget "ElygraUITests" */;
			buildPhases = (
				82619C91257BD02A002DAF2A /* Sources */,
				82619C92257BD02A002DAF2A /* Frameworks */,
				82619C93257BD02A002DAF2A /* Resources */,
			);
			buildRules = (
			);
			dependencies = (
				82619C97257BD02A002DAF2A /* PBXTargetDependency */,
			);
			name = ElygraUITests;
			productName = ElygraUITests;
			productReference = 82619C95257BD02A002DAF2A /* ElygraUITests.xctest */;
			productType = "com.apple.product-type.bundle.ui-testing";
		};
/* End PBXNativeTarget section */

/* Begin PBXProject section */
		82619C71257BD020002DAF2A /* Project object */ = {
			isa = PBXProject;
			attributes = {
				LastSwiftUpdateCheck = 1220;
				LastUpgradeCheck = 1220;
				TargetAttributes = {
					82619C78257BD020002DAF2A = {
						CreatedOnToolsVersion = 12.2;
					};
					82619C89257BD02A002DAF2A = {
						CreatedOnToolsVersion = 12.2;
						TestTargetID = 82619C78257BD020002DAF2A;
					};
					82619C94257BD02A002DAF2A = {
						CreatedOnToolsVersion = 12.2;
						TestTargetID = 82619C78257BD020002DAF2A;
					};
				};
			};
			buildConfigurationList = 82619C74257BD020002DAF2A /* Build configuration list for PBXProject "Elygra" */;
			compatibilityVersion = "Xcode 9.3";
			developmentRegion = en;
			hasScannedForEncodings = 0;
			knownRegions = (
				en,
				Base,
			);
			mainGroup = 82619C70257BD020002DAF2A;
			productRefGroup = 82619C7A257BD020002DAF2A /* Products */;
			projectDirPath = "";
			projectRoot = "";
			targets = (
				82619C78257BD020002DAF2A /* Elygra */,
				82619C89257BD02A002DAF2A /* ElygraTests */,
				82619C94257BD02A002DAF2A /* ElygraUITests */,
			);
		};
/* End PBXProject section */

/* Begin PBXResourcesBuildPhase section */
		82619C77257BD020002DAF2A /* Resources */ = {
			isa = PBXResourcesBuildPhase;
			buildActionMask = 2147483647;
			files = (
				82619CC5257BD37A002DAF2A /* LinkItemsResponse.json in Resources */,
				82619C84257BD029002DAF2A /* Preview Assets.xcassets in Resources */,
				82619C81257BD029002DAF2A /* Assets.xcassets in Resources */,
				82619CBC257BD36C002DAF2A /* LinkItem.json in Resources */,
			);
			runOnlyForDeploymentPostprocessing = 0;
		};
		82619C88257BD02A002DAF2A /* Resources */ = {
			isa = PBXResourcesBuildPhase;
			buildActionMask = 2147483647;
			files = (
				82619CC6257BD37A002DAF2A /* LinkItemsResponse.json in Resources */,
				82619CBD257BD36C002DAF2A /* LinkItem.json in Resources */,
			);
			runOnlyForDeploymentPostprocessing = 0;
		};
		82619C93257BD02A002DAF2A /* Resources */ = {
			isa = PBXResourcesBuildPhase;
			buildActionMask = 2147483647;
			files = (
			);
			runOnlyForDeploymentPostprocessing = 0;
		};
/* End PBXResourcesBuildPhase section */

/* Begin PBXSourcesBuildPhase section */
		82619C75257BD020002DAF2A /* Sources */ = {
			isa = PBXSourcesBuildPhase;
			buildActionMask = 2147483647;
			files = (
				82619CAC257BD19B002DAF2A /* LinkItem.swift in Sources */,
				8261FC4B2580014A007099BB /* WebViewWrapper.swift in Sources */,
				8261FC5125800D3F007099BB /* SearchBar.swift in Sources */,
				82619CDE257C04BE002DAF2A /* Resources.swift in Sources */,
				82619CF5257C0974002DAF2A /* LinkItemsListVM.swift in Sources */,
				82619CD8257BDB2C002DAF2A /* Network.swift in Sources */,
				82619CB1257BD2CD002DAF2A /* LinkItemsResponse.swift in Sources */,
				82619C7F257BD020002DAF2A /* LinkItemsList.swift in Sources */,
				82619C7D257BD020002DAF2A /* ElygraApp.swift in Sources */,
			);
			runOnlyForDeploymentPostprocessing = 0;
		};
		82619C86257BD02A002DAF2A /* Sources */ = {
			isa = PBXSourcesBuildPhase;
			buildActionMask = 2147483647;
			files = (
				82619D9A257E9DD2002DAF2A /* LinkItemsListVMTests.swift in Sources */,
				82619CD9257BDB2C002DAF2A /* Network.swift in Sources */,
				82619CB6257BD2D2002DAF2A /* LinkItem.swift in Sources */,
				82619C8F257BD02A002DAF2A /* ModelTests.swift in Sources */,
				82619CDF257C04BE002DAF2A /* Resources.swift in Sources */,
				82619CB2257BD2CD002DAF2A /* LinkItemsResponse.swift in Sources */,
				82619CF6257C0974002DAF2A /* LinkItemsListVM.swift in Sources */,
				82619DA0257F9C4C002DAF2A /* TestHelpers.swift in Sources */,
			);
			runOnlyForDeploymentPostprocessing = 0;
		};
		82619C91257BD02A002DAF2A /* Sources */ = {
			isa = PBXSourcesBuildPhase;
			buildActionMask = 2147483647;
			files = (
				82619C9A257BD02A002DAF2A /* ElygraUITests.swift in Sources */,
			);
			runOnlyForDeploymentPostprocessing = 0;
		};
/* End PBXSourcesBuildPhase section */

/* Begin PBXTargetDependency section */
		82619C8C257BD02A002DAF2A /* PBXTargetDependency */ = {
			isa = PBXTargetDependency;
			target = 82619C78257BD020002DAF2A /* Elygra */;
			targetProxy = 82619C8B257BD02A002DAF2A /* PBXContainerItemProxy */;
		};
		82619C97257BD02A002DAF2A /* PBXTargetDependency */ = {
			isa = PBXTargetDependency;
			target = 82619C78257BD020002DAF2A /* Elygra */;
			targetProxy = 82619C96257BD02A002DAF2A /* PBXContainerItemProxy */;
		};
/* End PBXTargetDependency section */

/* Begin XCBuildConfiguration section */
		82619C9C257BD02A002DAF2A /* Debug */ = {
			isa = XCBuildConfiguration;
			buildSettings = {
				ALWAYS_SEARCH_USER_PATHS = NO;
				CLANG_ANALYZER_NONNULL = YES;
				CLANG_ANALYZER_NUMBER_OBJECT_CONVERSION = YES_AGGRESSIVE;
				CLANG_CXX_LANGUAGE_STANDARD = "gnu++14";
				CLANG_CXX_LIBRARY = "libc++";
				CLANG_ENABLE_MODULES = YES;
				CLANG_ENABLE_OBJC_ARC = YES;
				CLANG_ENABLE_OBJC_WEAK = YES;
				CLANG_WARN_BLOCK_CAPTURE_AUTORELEASING = YES;
				CLANG_WARN_BOOL_CONVERSION = YES;
				CLANG_WARN_COMMA = YES;
				CLANG_WARN_CONSTANT_CONVERSION = YES;
				CLANG_WARN_DEPRECATED_OBJC_IMPLEMENTATIONS = YES;
				CLANG_WARN_DIRECT_OBJC_ISA_USAGE = YES_ERROR;
				CLANG_WARN_DOCUMENTATION_COMMENTS = YES;
				CLANG_WARN_EMPTY_BODY = YES;
				CLANG_WARN_ENUM_CONVERSION = YES;
				CLANG_WARN_INFINITE_RECURSION = YES;
				CLANG_WARN_INT_CONVERSION = YES;
				CLANG_WARN_NON_LITERAL_NULL_CONVERSION = YES;
				CLANG_WARN_OBJC_IMPLICIT_RETAIN_SELF = YES;
				CLANG_WARN_OBJC_LITERAL_CONVERSION = YES;
				CLANG_WARN_OBJC_ROOT_CLASS = YES_ERROR;
				CLANG_WARN_QUOTED_INCLUDE_IN_FRAMEWORK_HEADER = YES;
				CLANG_WARN_RANGE_LOOP_ANALYSIS = YES;
				CLANG_WARN_STRICT_PROTOTYPES = YES;
				CLANG_WARN_SUSPICIOUS_MOVE = YES;
				CLANG_WARN_UNGUARDED_AVAILABILITY = YES_AGGRESSIVE;
				CLANG_WARN_UNREACHABLE_CODE = YES;
				CLANG_WARN__DUPLICATE_METHOD_MATCH = YES;
				COPY_PHASE_STRIP = NO;
				DEBUG_INFORMATION_FORMAT = dwarf;
				ENABLE_STRICT_OBJC_MSGSEND = YES;
				ENABLE_TESTABILITY = YES;
				GCC_C_LANGUAGE_STANDARD = gnu11;
				GCC_DYNAMIC_NO_PIC = NO;
				GCC_NO_COMMON_BLOCKS = YES;
				GCC_OPTIMIZATION_LEVEL = 0;
				GCC_PREPROCESSOR_DEFINITIONS = (
					"DEBUG=1",
					"$(inherited)",
				);
				GCC_WARN_64_TO_32_BIT_CONVERSION = YES;
				GCC_WARN_ABOUT_RETURN_TYPE = YES_ERROR;
				GCC_WARN_UNDECLARED_SELECTOR = YES;
				GCC_WARN_UNINITIALIZED_AUTOS = YES_AGGRESSIVE;
				GCC_WARN_UNUSED_FUNCTION = YES;
				GCC_WARN_UNUSED_VARIABLE = YES;
				IPHONEOS_DEPLOYMENT_TARGET = 14.2;
				MTL_ENABLE_DEBUG_INFO = INCLUDE_SOURCE;
				MTL_FAST_MATH = YES;
				ONLY_ACTIVE_ARCH = YES;
				SDKROOT = iphoneos;
				SWIFT_ACTIVE_COMPILATION_CONDITIONS = DEBUG;
				SWIFT_OPTIMIZATION_LEVEL = "-Onone";
			};
			name = Debug;
		};
		82619C9D257BD02A002DAF2A /* Release */ = {
			isa = XCBuildConfiguration;
			buildSettings = {
				ALWAYS_SEARCH_USER_PATHS = NO;
				CLANG_ANALYZER_NONNULL = YES;
				CLANG_ANALYZER_NUMBER_OBJECT_CONVERSION = YES_AGGRESSIVE;
				CLANG_CXX_LANGUAGE_STANDARD = "gnu++14";
				CLANG_CXX_LIBRARY = "libc++";
				CLANG_ENABLE_MODULES = YES;
				CLANG_ENABLE_OBJC_ARC = YES;
				CLANG_ENABLE_OBJC_WEAK = YES;
				CLANG_WARN_BLOCK_CAPTURE_AUTORELEASING = YES;
				CLANG_WARN_BOOL_CONVERSION = YES;
				CLANG_WARN_COMMA = YES;
				CLANG_WARN_CONSTANT_CONVERSION = YES;
				CLANG_WARN_DEPRECATED_OBJC_IMPLEMENTATIONS = YES;
				CLANG_WARN_DIRECT_OBJC_ISA_USAGE = YES_ERROR;
				CLANG_WARN_DOCUMENTATION_COMMENTS = YES;
				CLANG_WARN_EMPTY_BODY = YES;
				CLANG_WARN_ENUM_CONVERSION = YES;
				CLANG_WARN_INFINITE_RECURSION = YES;
				CLANG_WARN_INT_CONVERSION = YES;
				CLANG_WARN_NON_LITERAL_NULL_CONVERSION = YES;
				CLANG_WARN_OBJC_IMPLICIT_RETAIN_SELF = YES;
				CLANG_WARN_OBJC_LITERAL_CONVERSION = YES;
				CLANG_WARN_OBJC_ROOT_CLASS = YES_ERROR;
				CLANG_WARN_QUOTED_INCLUDE_IN_FRAMEWORK_HEADER = YES;
				CLANG_WARN_RANGE_LOOP_ANALYSIS = YES;
				CLANG_WARN_STRICT_PROTOTYPES = YES;
				CLANG_WARN_SUSPICIOUS_MOVE = YES;
				CLANG_WARN_UNGUARDED_AVAILABILITY = YES_AGGRESSIVE;
				CLANG_WARN_UNREACHABLE_CODE = YES;
				CLANG_WARN__DUPLICATE_METHOD_MATCH = YES;
				COPY_PHASE_STRIP = NO;
				DEBUG_INFORMATION_FORMAT = "dwarf-with-dsym";
				ENABLE_NS_ASSERTIONS = NO;
				ENABLE_STRICT_OBJC_MSGSEND = YES;
				GCC_C_LANGUAGE_STANDARD = gnu11;
				GCC_NO_COMMON_BLOCKS = YES;
				GCC_WARN_64_TO_32_BIT_CONVERSION = YES;
				GCC_WARN_ABOUT_RETURN_TYPE = YES_ERROR;
				GCC_WARN_UNDECLARED_SELECTOR = YES;
				GCC_WARN_UNINITIALIZED_AUTOS = YES_AGGRESSIVE;
				GCC_WARN_UNUSED_FUNCTION = YES;
				GCC_WARN_UNUSED_VARIABLE = YES;
				IPHONEOS_DEPLOYMENT_TARGET = 14.2;
				MTL_ENABLE_DEBUG_INFO = NO;
				MTL_FAST_MATH = YES;
				SDKROOT = iphoneos;
				SWIFT_COMPILATION_MODE = wholemodule;
				SWIFT_OPTIMIZATION_LEVEL = "-O";
				VALIDATE_PRODUCT = YES;
			};
			name = Release;
		};
		82619C9F257BD02A002DAF2A /* Debug */ = {
			isa = XCBuildConfiguration;
			buildSettings = {
				ASSETCATALOG_COMPILER_APPICON_NAME = AppIcon;
				ASSETCATALOG_COMPILER_GLOBAL_ACCENT_COLOR_NAME = AccentColor;
				CODE_SIGN_STYLE = Automatic;
				DEVELOPMENT_ASSET_PATHS = "\"Elygra/Preview Content\"";
				DEVELOPMENT_TEAM = AF3826P4Z5;
				ENABLE_PREVIEWS = YES;
				INFOPLIST_FILE = Elygra/Info.plist;
				IPHONEOS_DEPLOYMENT_TARGET = 14.0;
				LD_RUNPATH_SEARCH_PATHS = (
					"$(inherited)",
					"@executable_path/Frameworks",
				);
				PRODUCT_BUNDLE_IDENTIFIER = com.yuriizadoianchuk.Elygra;
				PRODUCT_NAME = "$(TARGET_NAME)";
				SWIFT_VERSION = 5.0;
				TARGETED_DEVICE_FAMILY = "1,2";
			};
			name = Debug;
		};
		82619CA0257BD02A002DAF2A /* Release */ = {
			isa = XCBuildConfiguration;
			buildSettings = {
				ASSETCATALOG_COMPILER_APPICON_NAME = AppIcon;
				ASSETCATALOG_COMPILER_GLOBAL_ACCENT_COLOR_NAME = AccentColor;
				CODE_SIGN_STYLE = Automatic;
				DEVELOPMENT_ASSET_PATHS = "\"Elygra/Preview Content\"";
				DEVELOPMENT_TEAM = AF3826P4Z5;
				ENABLE_PREVIEWS = YES;
				INFOPLIST_FILE = Elygra/Info.plist;
				IPHONEOS_DEPLOYMENT_TARGET = 14.0;
				LD_RUNPATH_SEARCH_PATHS = (
					"$(inherited)",
					"@executable_path/Frameworks",
				);
				PRODUCT_BUNDLE_IDENTIFIER = com.yuriizadoianchuk.Elygra;
				PRODUCT_NAME = "$(TARGET_NAME)";
				SWIFT_VERSION = 5.0;
				TARGETED_DEVICE_FAMILY = "1,2";
			};
			name = Release;
		};
		82619CA2257BD02A002DAF2A /* Debug */ = {
			isa = XCBuildConfiguration;
			buildSettings = {
				ALWAYS_EMBED_SWIFT_STANDARD_LIBRARIES = YES;
				BUNDLE_LOADER = "$(TEST_HOST)";
				CODE_SIGN_STYLE = Automatic;
				DEVELOPMENT_TEAM = AF3826P4Z5;
				INFOPLIST_FILE = ElygraTests/Info.plist;
				IPHONEOS_DEPLOYMENT_TARGET = 14.0;
				LD_RUNPATH_SEARCH_PATHS = (
					"$(inherited)",
					"@executable_path/Frameworks",
					"@loader_path/Frameworks",
				);
				PRODUCT_BUNDLE_IDENTIFIER = com.yuriizadoianchuk.ElygraTests;
				PRODUCT_NAME = "$(TARGET_NAME)";
				SWIFT_VERSION = 5.0;
				TARGETED_DEVICE_FAMILY = "1,2";
				TEST_HOST = "$(BUILT_PRODUCTS_DIR)/Elygra.app/Elygra";
			};
			name = Debug;
		};
		82619CA3257BD02A002DAF2A /* Release */ = {
			isa = XCBuildConfiguration;
			buildSettings = {
				ALWAYS_EMBED_SWIFT_STANDARD_LIBRARIES = YES;
				BUNDLE_LOADER = "$(TEST_HOST)";
				CODE_SIGN_STYLE = Automatic;
				DEVELOPMENT_TEAM = AF3826P4Z5;
				INFOPLIST_FILE = ElygraTests/Info.plist;
				IPHONEOS_DEPLOYMENT_TARGET = 14.0;
				LD_RUNPATH_SEARCH_PATHS = (
					"$(inherited)",
					"@executable_path/Frameworks",
					"@loader_path/Frameworks",
				);
				PRODUCT_BUNDLE_IDENTIFIER = com.yuriizadoianchuk.ElygraTests;
				PRODUCT_NAME = "$(TARGET_NAME)";
				SWIFT_VERSION = 5.0;
				TARGETED_DEVICE_FAMILY = "1,2";
				TEST_HOST = "$(BUILT_PRODUCTS_DIR)/Elygra.app/Elygra";
			};
			name = Release;
		};
		82619CA5257BD02A002DAF2A /* Debug */ = {
			isa = XCBuildConfiguration;
			buildSettings = {
				ALWAYS_EMBED_SWIFT_STANDARD_LIBRARIES = YES;
				CODE_SIGN_STYLE = Automatic;
				DEVELOPMENT_TEAM = AF3826P4Z5;
				INFOPLIST_FILE = ElygraUITests/Info.plist;
				LD_RUNPATH_SEARCH_PATHS = (
					"$(inherited)",
					"@executable_path/Frameworks",
					"@loader_path/Frameworks",
				);
				PRODUCT_BUNDLE_IDENTIFIER = com.yuriizadoianchuk.ElygraUITests;
				PRODUCT_NAME = "$(TARGET_NAME)";
				SWIFT_VERSION = 5.0;
				TARGETED_DEVICE_FAMILY = "1,2";
				TEST_TARGET_NAME = Elygra;
			};
			name = Debug;
		};
		82619CA6257BD02A002DAF2A /* Release */ = {
			isa = XCBuildConfiguration;
			buildSettings = {
				ALWAYS_EMBED_SWIFT_STANDARD_LIBRARIES = YES;
				CODE_SIGN_STYLE = Automatic;
				DEVELOPMENT_TEAM = AF3826P4Z5;
				INFOPLIST_FILE = ElygraUITests/Info.plist;
				LD_RUNPATH_SEARCH_PATHS = (
					"$(inherited)",
					"@executable_path/Frameworks",
					"@loader_path/Frameworks",
				);
				PRODUCT_BUNDLE_IDENTIFIER = com.yuriizadoianchuk.ElygraUITests;
				PRODUCT_NAME = "$(TARGET_NAME)";
				SWIFT_VERSION = 5.0;
				TARGETED_DEVICE_FAMILY = "1,2";
				TEST_TARGET_NAME = Elygra;
			};
			name = Release;
		};
/* End XCBuildConfiguration section */

/* Begin XCConfigurationList section */
		82619C74257BD020002DAF2A /* Build configuration list for PBXProject "Elygra" */ = {
			isa = XCConfigurationList;
			buildConfigurations = (
				82619C9C257BD02A002DAF2A /* Debug */,
				82619C9D257BD02A002DAF2A /* Release */,
			);
			defaultConfigurationIsVisible = 0;
			defaultConfigurationName = Release;
		};
		82619C9E257BD02A002DAF2A /* Build configuration list for PBXNativeTarget "Elygra" */ = {
			isa = XCConfigurationList;
			buildConfigurations = (
				82619C9F257BD02A002DAF2A /* Debug */,
				82619CA0257BD02A002DAF2A /* Release */,
			);
			defaultConfigurationIsVisible = 0;
			defaultConfigurationName = Release;
		};
		82619CA1257BD02A002DAF2A /* Build configuration list for PBXNativeTarget "ElygraTests" */ = {
			isa = XCConfigurationList;
			buildConfigurations = (
				82619CA2257BD02A002DAF2A /* Debug */,
				82619CA3257BD02A002DAF2A /* Release */,
			);
			defaultConfigurationIsVisible = 0;
			defaultConfigurationName = Release;
		};
		82619CA4257BD02A002DAF2A /* Build configuration list for PBXNativeTarget "ElygraUITests" */ = {
			isa = XCConfigurationList;
			buildConfigurations = (
				82619CA5257BD02A002DAF2A /* Debug */,
				82619CA6257BD02A002DAF2A /* Release */,
			);
			defaultConfigurationIsVisible = 0;
			defaultConfigurationName = Release;
		};
/* End XCConfigurationList section */
	};
	rootObject = 82619C71257BD020002DAF2A /* Project object */;
}
